
Microsoft Visual Studio Solution File, Format Version 12.00
# Visual Studio 15
VisualStudioVersion = 15.0.27004.2002
MinimumVisualStudioVersion = 10.0.40219.1
Project("{FAE04EC0-301F-11D3-BF4B-00C04F79EFBC}") = "BikeRent", "BikeRent\BikeRent.csproj", "{B41D7151-205E-481C-A483-CB0E2823C2DC}"
EndProject
Project("{FAE04EC0-301F-11D3-BF4B-00C04F79EFBC}") = "RentTest", "RentTest\RentTest.csproj", "{AD267DA1-ACF0-4E30-8887-69F53B1E1562}"
EndProject
Global
	GlobalSection(SolutionConfigurationPlatforms) = preSolution
		Debug|Any CPU = Debug|Any CPU
		Release|Any CPU = Release|Any CPU
	EndGlobalSection
	GlobalSection(ProjectConfigurationPlatforms) = postSolution
		{B41D7151-205E-481C-A483-CB0E2823C2DC}.Debug|Any CPU.ActiveCfg = Debug|Any CPU
		{B41D7151-205E-481C-A483-CB0E2823C2DC}.Debug|Any CPU.Build.0 = Debug|Any CPU
		{B41D7151-205E-481C-A483-CB0E2823C2DC}.Release|Any CPU.ActiveCfg = Release|Any CPU
		{B41D7151-205E-481C-A483-CB0E2823C2DC}.Release|Any CPU.Build.0 = Release|Any CPU
		{AD267DA1-ACF0-4E30-8887-69F53B1E1562}.Debug|Any CPU.ActiveCfg = Debug|Any CPU
		{AD267DA1-ACF0-4E30-8887-69F53B1E1562}.Debug|Any CPU.Build.0 = Debug|Any CPU
		{AD267DA1-ACF0-4E30-8887-69F53B1E1562}.Release|Any CPU.ActiveCfg = Release|Any CPU
		{AD267DA1-ACF0-4E30-8887-69F53B1E1562}.Release|Any CPU.Build.0 = Release|Any CPU
	EndGlobalSection
	GlobalSection(SolutionProperties) = preSolution
		HideSolutionNode = FALSE
	EndGlobalSection
	GlobalSection(ExtensibilityGlobals) = postSolution
		SolutionGuid = {25D7684E-EF3F-4A03-BFCA-620A671AC2FA}
	EndGlobalSection
EndGlobal
